
Microsoft Visual Studio Solution File, Format Version 12.00
# Visual Studio Version 17
VisualStudioVersion = 17.11.35327.3
MinimumVisualStudioVersion = 10.0.40219.1
Project("{FAE04EC0-301F-11D3-BF4B-00C04F79EFBC}") = "Ex 32 Udemy Try - Catch - Exception", "Ex 32 Udemy Try - Catch - Exception.csproj", "{371CC540-2091-4925-9403-CB6098352B42}"
EndProject
Global
	GlobalSection(SolutionConfigurationPlatforms) = preSolution
		Debug|Any CPU = Debug|Any CPU
		Release|Any CPU = Release|Any CPU
	EndGlobalSection
	GlobalSection(ProjectConfigurationPlatforms) = postSolution
		{371CC540-2091-4925-9403-CB6098352B42}.Debug|Any CPU.ActiveCfg = Debug|Any CPU
		{371CC540-2091-4925-9403-CB6098352B42}.Debug|Any CPU.Build.0 = Debug|Any CPU
		{371CC540-2091-4925-9403-CB6098352B42}.Release|Any CPU.ActiveCfg = Release|Any CPU
		{371CC540-2091-4925-9403-CB6098352B42}.Release|Any CPU.Build.0 = Release|Any CPU
	EndGlobalSection
	GlobalSection(SolutionProperties) = preSolution
		HideSolutionNode = FALSE
	EndGlobalSection
	GlobalSection(ExtensibilityGlobals) = postSolution
		SolutionGuid = {94B5CCA0-8F11-4B03-8890-D371526E4D17}
	EndGlobalSection
EndGlobal
