
Microsoft Visual Studio Solution File, Format Version 12.00
# Visual Studio Version 17
VisualStudioVersion = 17.11.35327.3
MinimumVisualStudioVersion = 10.0.40219.1
Project("{FAE04EC0-301F-11D3-BF4B-00C04F79EFBC}") = "Ex 24 Udemy Enum", "Ex 24 Udemy Enum.csproj", "{037E8744-066D-46F6-8360-D03605CCEAAB}"
EndProject
Global
	GlobalSection(SolutionConfigurationPlatforms) = preSolution
		Debug|Any CPU = Debug|Any CPU
		Release|Any CPU = Release|Any CPU
	EndGlobalSection
	GlobalSection(ProjectConfigurationPlatforms) = postSolution
		{037E8744-066D-46F6-8360-D03605CCEAAB}.Debug|Any CPU.ActiveCfg = Debug|Any CPU
		{037E8744-066D-46F6-8360-D03605CCEAAB}.Debug|Any CPU.Build.0 = Debug|Any CPU
		{037E8744-066D-46F6-8360-D03605CCEAAB}.Release|Any CPU.ActiveCfg = Release|Any CPU
		{037E8744-066D-46F6-8360-D03605CCEAAB}.Release|Any CPU.Build.0 = Release|Any CPU
	EndGlobalSection
	GlobalSection(SolutionProperties) = preSolution
		HideSolutionNode = FALSE
	EndGlobalSection
	GlobalSection(ExtensibilityGlobals) = postSolution
		SolutionGuid = {7BC9DED4-BB0C-445C-9704-89A3C5BFCD23}
	EndGlobalSection
EndGlobal
