
Microsoft Visual Studio Solution File, Format Version 12.00
# Visual Studio Version 17
VisualStudioVersion = 17.11.35327.3
MinimumVisualStudioVersion = 10.0.40219.1
Project("{FAE04EC0-301F-11D3-BF4B-00C04F79EFBC}") = "Ex 23-2 Udemy Matriz", "Ex 23-2 Udemy Matriz.csproj", "{13CAAE52-6230-414E-A071-63ED46B04424}"
EndProject
Global
	GlobalSection(SolutionConfigurationPlatforms) = preSolution
		Debug|Any CPU = Debug|Any CPU
		Release|Any CPU = Release|Any CPU
	EndGlobalSection
	GlobalSection(ProjectConfigurationPlatforms) = postSolution
		{13CAAE52-6230-414E-A071-63ED46B04424}.Debug|Any CPU.ActiveCfg = Debug|Any CPU
		{13CAAE52-6230-414E-A071-63ED46B04424}.Debug|Any CPU.Build.0 = Debug|Any CPU
		{13CAAE52-6230-414E-A071-63ED46B04424}.Release|Any CPU.ActiveCfg = Release|Any CPU
		{13CAAE52-6230-414E-A071-63ED46B04424}.Release|Any CPU.Build.0 = Release|Any CPU
	EndGlobalSection
	GlobalSection(SolutionProperties) = preSolution
		HideSolutionNode = FALSE
	EndGlobalSection
	GlobalSection(ExtensibilityGlobals) = postSolution
		SolutionGuid = {FA7C43D1-165D-4267-B116-453B232287DC}
	EndGlobalSection
EndGlobal
